{
  "name": "client",
  "lockfileVersion": 3,
  "requires": true,
  "packages": {
    "": {
      "dependencies": {
        "RE": "file:.."
      }
    },
    "..": {
      "version": "0.1.0",
      "license": "ISC",
      "dependencies": {
        "argon2": "^0.41.1",
        "cookie-parser": "^1.4.7",
        "cors": "^2.8.5",
        "dotenv": "^16.4.7",
        "express": "^4.21.2",
        "jsonwebtoken": "^9.0.2",
        "mongoose": "^8.9.0",
        "tanstack": "^1.0.0"
      },
      "devDependencies": {
        "nodemon": "^3.1.9"
      }
    },
    "node_modules/RE": {
      "resolved": "..",
      "link": true
    }
  }
}
